
Microsoft Visual Studio Solution File, Format Version 12.00
# Visual Studio 14
VisualStudioVersion = 14.0.25420.1
MinimumVisualStudioVersion = 10.0.40219.1
Project("{FAE04EC0-301F-11D3-BF4B-00C04F79EFBC}") = "EIMS.UI", "EIMS.UI\EIMS.UI.csproj", "{D7EB6C0B-2A47-4E2A-A548-E65281ED52C7}"
EndProject
Project("{FAE04EC0-301F-11D3-BF4B-00C04F79EFBC}") = "EIMS.MODEL", "EIMS.MODEL\EIMS.MODEL.csproj", "{FC4D9B34-004E-4D9B-AAB9-723078F62BF9}"
EndProject
Global
	GlobalSection(SolutionConfigurationPlatforms) = preSolution
		Debug|Any CPU = Debug|Any CPU
		Release|Any CPU = Release|Any CPU
	EndGlobalSection
	GlobalSection(ProjectConfigurationPlatforms) = postSolution
		{D7EB6C0B-2A47-4E2A-A548-E65281ED52C7}.Debug|Any CPU.ActiveCfg = Debug|Any CPU
		{D7EB6C0B-2A47-4E2A-A548-E65281ED52C7}.Debug|Any CPU.Build.0 = Debug|Any CPU
		{D7EB6C0B-2A47-4E2A-A548-E65281ED52C7}.Release|Any CPU.ActiveCfg = Release|Any CPU
		{D7EB6C0B-2A47-4E2A-A548-E65281ED52C7}.Release|Any CPU.Build.0 = Release|Any CPU
		{FC4D9B34-004E-4D9B-AAB9-723078F62BF9}.Debug|Any CPU.ActiveCfg = Debug|Any CPU
		{FC4D9B34-004E-4D9B-AAB9-723078F62BF9}.Debug|Any CPU.Build.0 = Debug|Any CPU
		{FC4D9B34-004E-4D9B-AAB9-723078F62BF9}.Release|Any CPU.ActiveCfg = Release|Any CPU
		{FC4D9B34-004E-4D9B-AAB9-723078F62BF9}.Release|Any CPU.Build.0 = Release|Any CPU
	EndGlobalSection
	GlobalSection(SolutionProperties) = preSolution
		HideSolutionNode = FALSE
	EndGlobalSection
EndGlobal
